
Microsoft Visual Studio Solution File, Format Version 12.00
# Visual Studio 15
VisualStudioVersion = 15.0.28010.2036
MinimumVisualStudioVersion = 10.0.40219.1
Project("{8BC9CEB8-8B4A-11D0-8D11-00A0C91BC942}") = "Ch8-InClass", "Ch8-InClass.vcxproj", "{31C2A087-5E70-4F69-B00F-F5F5DC19996C}"
EndProject
Global
	GlobalSection(SolutionConfigurationPlatforms) = preSolution
		Debug|x64 = Debug|x64
		Debug|x86 = Debug|x86
		Release|x64 = Release|x64
		Release|x86 = Release|x86
	EndGlobalSection
	GlobalSection(ProjectConfigurationPlatforms) = postSolution
		{31C2A087-5E70-4F69-B00F-F5F5DC19996C}.Debug|x64.ActiveCfg = Debug|x64
		{31C2A087-5E70-4F69-B00F-F5F5DC19996C}.Debug|x64.Build.0 = Debug|x64
		{31C2A087-5E70-4F69-B00F-F5F5DC19996C}.Debug|x86.ActiveCfg = Debug|Win32
		{31C2A087-5E70-4F69-B00F-F5F5DC19996C}.Debug|x86.Build.0 = Debug|Win32
		{31C2A087-5E70-4F69-B00F-F5F5DC19996C}.Release|x64.ActiveCfg = Release|x64
		{31C2A087-5E70-4F69-B00F-F5F5DC19996C}.Release|x64.Build.0 = Release|x64
		{31C2A087-5E70-4F69-B00F-F5F5DC19996C}.Release|x86.ActiveCfg = Release|Win32
		{31C2A087-5E70-4F69-B00F-F5F5DC19996C}.Release|x86.Build.0 = Release|Win32
	EndGlobalSection
	GlobalSection(SolutionProperties) = preSolution
		HideSolutionNode = FALSE
	EndGlobalSection
	GlobalSection(ExtensibilityGlobals) = postSolution
		SolutionGuid = {B20C28D3-B58E-4030-90F5-35553DDCF61D}
	EndGlobalSection
EndGlobal
