
Microsoft Visual Studio Solution File, Format Version 12.00
# Visual Studio 15
VisualStudioVersion = 15.0.28010.2036
MinimumVisualStudioVersion = 10.0.40219.1
Project("{8BC9CEB8-8B4A-11D0-8D11-00A0C91BC942}") = "CH7Inclass2", "CH7Inclass2.vcxproj", "{16053C62-A1E1-4E30-A175-C49C82398887}"
EndProject
Global
	GlobalSection(SolutionConfigurationPlatforms) = preSolution
		Debug|x64 = Debug|x64
		Debug|x86 = Debug|x86
		Release|x64 = Release|x64
		Release|x86 = Release|x86
	EndGlobalSection
	GlobalSection(ProjectConfigurationPlatforms) = postSolution
		{16053C62-A1E1-4E30-A175-C49C82398887}.Debug|x64.ActiveCfg = Debug|x64
		{16053C62-A1E1-4E30-A175-C49C82398887}.Debug|x64.Build.0 = Debug|x64
		{16053C62-A1E1-4E30-A175-C49C82398887}.Debug|x86.ActiveCfg = Debug|Win32
		{16053C62-A1E1-4E30-A175-C49C82398887}.Debug|x86.Build.0 = Debug|Win32
		{16053C62-A1E1-4E30-A175-C49C82398887}.Release|x64.ActiveCfg = Release|x64
		{16053C62-A1E1-4E30-A175-C49C82398887}.Release|x64.Build.0 = Release|x64
		{16053C62-A1E1-4E30-A175-C49C82398887}.Release|x86.ActiveCfg = Release|Win32
		{16053C62-A1E1-4E30-A175-C49C82398887}.Release|x86.Build.0 = Release|Win32
	EndGlobalSection
	GlobalSection(SolutionProperties) = preSolution
		HideSolutionNode = FALSE
	EndGlobalSection
	GlobalSection(ExtensibilityGlobals) = postSolution
		SolutionGuid = {8E9EC952-7069-4841-9A52-25E55400F135}
	EndGlobalSection
EndGlobal
