
Microsoft Visual Studio Solution File, Format Version 12.00
# Visual Studio 15
VisualStudioVersion = 15.0.28010.2036
MinimumVisualStudioVersion = 10.0.40219.1
Project("{8BC9CEB8-8B4A-11D0-8D11-00A0C91BC942}") = "CH4Inclass", "CH4Inclass.vcxproj", "{DFAD5E1D-4A59-4B49-BA87-FBCA5D573103}"
EndProject
Global
	GlobalSection(SolutionConfigurationPlatforms) = preSolution
		Debug|x64 = Debug|x64
		Debug|x86 = Debug|x86
		Release|x64 = Release|x64
		Release|x86 = Release|x86
	EndGlobalSection
	GlobalSection(ProjectConfigurationPlatforms) = postSolution
		{DFAD5E1D-4A59-4B49-BA87-FBCA5D573103}.Debug|x64.ActiveCfg = Debug|x64
		{DFAD5E1D-4A59-4B49-BA87-FBCA5D573103}.Debug|x64.Build.0 = Debug|x64
		{DFAD5E1D-4A59-4B49-BA87-FBCA5D573103}.Debug|x86.ActiveCfg = Debug|Win32
		{DFAD5E1D-4A59-4B49-BA87-FBCA5D573103}.Debug|x86.Build.0 = Debug|Win32
		{DFAD5E1D-4A59-4B49-BA87-FBCA5D573103}.Release|x64.ActiveCfg = Release|x64
		{DFAD5E1D-4A59-4B49-BA87-FBCA5D573103}.Release|x64.Build.0 = Release|x64
		{DFAD5E1D-4A59-4B49-BA87-FBCA5D573103}.Release|x86.ActiveCfg = Release|Win32
		{DFAD5E1D-4A59-4B49-BA87-FBCA5D573103}.Release|x86.Build.0 = Release|Win32
	EndGlobalSection
	GlobalSection(SolutionProperties) = preSolution
		HideSolutionNode = FALSE
	EndGlobalSection
	GlobalSection(ExtensibilityGlobals) = postSolution
		SolutionGuid = {5CA3DF1B-7B73-45C0-B7C6-F8E1C6468A25}
	EndGlobalSection
EndGlobal
